
Microsoft Visual Studio Solution File, Format Version 12.00
# Visual Studio Version 17
VisualStudioVersion = 17.5.33627.172
MinimumVisualStudioVersion = 10.0.40219.1
Project("{FAE04EC0-301F-11D3-BF4B-00C04F79EFBC}") = "Product", "Product\Product.csproj", "{A2169091-1A21-4A01-AC5C-CD213C92BF49}"
EndProject
Global
	GlobalSection(SolutionConfigurationPlatforms) = preSolution
		Debug|Any CPU = Debug|Any CPU
		Release|Any CPU = Release|Any CPU
	EndGlobalSection
	GlobalSection(ProjectConfigurationPlatforms) = postSolution
		{A2169091-1A21-4A01-AC5C-CD213C92BF49}.Debug|Any CPU.ActiveCfg = Debug|Any CPU
		{A2169091-1A21-4A01-AC5C-CD213C92BF49}.Debug|Any CPU.Build.0 = Debug|Any CPU
		{A2169091-1A21-4A01-AC5C-CD213C92BF49}.Release|Any CPU.ActiveCfg = Release|Any CPU
		{A2169091-1A21-4A01-AC5C-CD213C92BF49}.Release|Any CPU.Build.0 = Release|Any CPU
	EndGlobalSection
	GlobalSection(SolutionProperties) = preSolution
		HideSolutionNode = FALSE
	EndGlobalSection
	GlobalSection(ExtensibilityGlobals) = postSolution
		SolutionGuid = {AA07D49F-1697-48A8-94A8-E7DDF5D5CE7F}
	EndGlobalSection
EndGlobal
